{
  "name": "nsfd-web-toolkit",
  "version": "1.0.0",
  "lockfileVersion": 2,
  "requires": true,
  "packages": {
    "": {
      "name": "nsfd-web-toolkit",
      "version": "1.0.0",
      "license": "ISC",
      "devDependencies": {
        "@babylonjs/core": "^5.56.0",
        "@babylonjs/gui": "^5.56.0",
        "@types/node": "^18.15.11",
        "typescript": "^5.0.4"
      }
    },
    "node_modules/@babylonjs/core": {
      "version": "5.56.0",
      "resolved": "https://registry.npmjs.org/@babylonjs/core/-/core-5.56.0.tgz",
      "integrity": "sha512-spfmh6WqvCGsDIHCCbKdzWMG2B+TO6UjODot46nIe4Vc0Vqclrc9zlLNVrJbcI2vXdVZjqw8NLZzD4SKuktZUw==",
      "dev": true
    },
    "node_modules/@babylonjs/gui": {
      "version": "5.56.0",
      "resolved": "https://registry.npmjs.org/@babylonjs/gui/-/gui-5.56.0.tgz",
      "integrity": "sha512-jfgxSKwos4dvBSMtZtgDCDSLJlOJUkEnr6h4kEKiEB8oZj+KEJKv6PvHfdk1eEJK7wuX8VLsi8DBkuSEUIhJsg==",
      "dev": true,
      "peerDependencies": {
        "@babylonjs/core": "^5.22.0"
      }
    },
    "node_modules/@types/node": {
      "version": "18.15.11",
      "resolved": "https://registry.npmjs.org/@types/node/-/node-18.15.11.tgz",
      "integrity": "sha512-E5Kwq2n4SbMzQOn6wnmBjuK9ouqlURrcZDVfbo9ftDDTFt3nk7ZKK4GMOzoYgnpQJKcxwQw+lGaBvvlMo0qN/Q==",
      "dev": true
    },
    "node_modules/typescript": {
      "version": "5.0.4",
      "resolved": "https://registry.npmjs.org/typescript/-/typescript-5.0.4.tgz",
      "integrity": "sha512-cW9T5W9xY37cc+jfEnaUvX91foxtHkza3Nw3wkoF4sSlKn0MONdkdEndig/qPBWXNkmplh3NzayQzCiHM4/hqw==",
      "dev": true,
      "bin": {
        "tsc": "bin/tsc",
        "tsserver": "bin/tsserver"
      },
      "engines": {
        "node": ">=12.20"
      }
    }
  },
  "dependencies": {
    "@babylonjs/core": {
      "version": "5.56.0",
      "resolved": "https://registry.npmjs.org/@babylonjs/core/-/core-5.56.0.tgz",
      "integrity": "sha512-spfmh6WqvCGsDIHCCbKdzWMG2B+TO6UjODot46nIe4Vc0Vqclrc9zlLNVrJbcI2vXdVZjqw8NLZzD4SKuktZUw==",
      "dev": true
    },
    "@babylonjs/gui": {
      "version": "5.56.0",
      "resolved": "https://registry.npmjs.org/@babylonjs/gui/-/gui-5.56.0.tgz",
      "integrity": "sha512-jfgxSKwos4dvBSMtZtgDCDSLJlOJUkEnr6h4kEKiEB8oZj+KEJKv6PvHfdk1eEJK7wuX8VLsi8DBkuSEUIhJsg==",
      "dev": true,
      "requires": {}
    },
    "@types/node": {
      "version": "18.15.11",
      "resolved": "https://registry.npmjs.org/@types/node/-/node-18.15.11.tgz",
      "integrity": "sha512-E5Kwq2n4SbMzQOn6wnmBjuK9ouqlURrcZDVfbo9ftDDTFt3nk7ZKK4GMOzoYgnpQJKcxwQw+lGaBvvlMo0qN/Q==",
      "dev": true
    },
    "typescript": {
      "version": "5.0.4",
      "resolved": "https://registry.npmjs.org/typescript/-/typescript-5.0.4.tgz",
      "integrity": "sha512-cW9T5W9xY37cc+jfEnaUvX91foxtHkza3Nw3wkoF4sSlKn0MONdkdEndig/qPBWXNkmplh3NzayQzCiHM4/hqw==",
      "dev": true
    }
  }
}
